
Microsoft Visual Studio Solution File, Format Version 12.00
# Visual Studio 14
VisualStudioVersion = 14.0.25420.1
MinimumVisualStudioVersion = 10.0.40219.1
Project("{888888A0-9F3D-457C-B088-3A5042F75D52}") = "PyExtension", "PyExtension\PyExtension.pyproj", "{3D2B8036-9363-409B-9664-A0C169F04510}"
EndProject
Project("{8BC9CEB8-8B4A-11D0-8D11-00A0C91BC942}") = "testmodule", "testmodule\testmodule.vcxproj", "{14980918-FF96-4FE1-96F4-E5F28E30DCBC}"
EndProject
Project("{8BC9CEB8-8B4A-11D0-8D11-00A0C91BC942}") = "GeometryModule", "GeometryModule\GeometryModule.vcxproj", "{3D018338-D935-495D-ACD4-485F95E01D6B}"
EndProject
Project("{8BC9CEB8-8B4A-11D0-8D11-00A0C91BC942}") = "demo", "demo\demo.vcxproj", "{FD9B4462-6CF6-4B2A-999F-AB74251064EA}"
EndProject
Global
	GlobalSection(SolutionConfigurationPlatforms) = preSolution
		Debug|Any CPU = Debug|Any CPU
		Debug|Mixed Platforms = Debug|Mixed Platforms
		Debug|Win32 = Debug|Win32
		Debug|x64 = Debug|x64
		Release|Any CPU = Release|Any CPU
		Release|Mixed Platforms = Release|Mixed Platforms
		Release|Win32 = Release|Win32
		Release|x64 = Release|x64
	EndGlobalSection
	GlobalSection(ProjectConfigurationPlatforms) = postSolution
		{3D2B8036-9363-409B-9664-A0C169F04510}.Debug|Any CPU.ActiveCfg = Debug|Any CPU
		{3D2B8036-9363-409B-9664-A0C169F04510}.Debug|Mixed Platforms.ActiveCfg = Debug|Any CPU
		{3D2B8036-9363-409B-9664-A0C169F04510}.Debug|Win32.ActiveCfg = Debug|Any CPU
		{3D2B8036-9363-409B-9664-A0C169F04510}.Debug|x64.ActiveCfg = Debug|Any CPU
		{3D2B8036-9363-409B-9664-A0C169F04510}.Release|Any CPU.ActiveCfg = Release|Any CPU
		{3D2B8036-9363-409B-9664-A0C169F04510}.Release|Mixed Platforms.ActiveCfg = Release|Any CPU
		{3D2B8036-9363-409B-9664-A0C169F04510}.Release|Win32.ActiveCfg = Release|Any CPU
		{3D2B8036-9363-409B-9664-A0C169F04510}.Release|x64.ActiveCfg = Release|Any CPU
		{14980918-FF96-4FE1-96F4-E5F28E30DCBC}.Debug|Any CPU.ActiveCfg = Debug|Win32
		{14980918-FF96-4FE1-96F4-E5F28E30DCBC}.Debug|Mixed Platforms.ActiveCfg = Debug|Win32
		{14980918-FF96-4FE1-96F4-E5F28E30DCBC}.Debug|Mixed Platforms.Build.0 = Debug|Win32
		{14980918-FF96-4FE1-96F4-E5F28E30DCBC}.Debug|Win32.ActiveCfg = Debug|Win32
		{14980918-FF96-4FE1-96F4-E5F28E30DCBC}.Debug|Win32.Build.0 = Debug|Win32
		{14980918-FF96-4FE1-96F4-E5F28E30DCBC}.Debug|x64.ActiveCfg = Debug|Win32
		{14980918-FF96-4FE1-96F4-E5F28E30DCBC}.Release|Any CPU.ActiveCfg = Release|Win32
		{14980918-FF96-4FE1-96F4-E5F28E30DCBC}.Release|Mixed Platforms.ActiveCfg = Release|Win32
		{14980918-FF96-4FE1-96F4-E5F28E30DCBC}.Release|Mixed Platforms.Build.0 = Release|Win32
		{14980918-FF96-4FE1-96F4-E5F28E30DCBC}.Release|Win32.ActiveCfg = Release|Win32
		{14980918-FF96-4FE1-96F4-E5F28E30DCBC}.Release|Win32.Build.0 = Release|Win32
		{14980918-FF96-4FE1-96F4-E5F28E30DCBC}.Release|x64.ActiveCfg = Release|Win32
		{3D018338-D935-495D-ACD4-485F95E01D6B}.Debug|Any CPU.ActiveCfg = Debug|Win32
		{3D018338-D935-495D-ACD4-485F95E01D6B}.Debug|Mixed Platforms.ActiveCfg = Debug|Win32
		{3D018338-D935-495D-ACD4-485F95E01D6B}.Debug|Mixed Platforms.Build.0 = Debug|Win32
		{3D018338-D935-495D-ACD4-485F95E01D6B}.Debug|Win32.ActiveCfg = Debug|Win32
		{3D018338-D935-495D-ACD4-485F95E01D6B}.Debug|Win32.Build.0 = Debug|Win32
		{3D018338-D935-495D-ACD4-485F95E01D6B}.Debug|x64.ActiveCfg = Debug|Win32
		{3D018338-D935-495D-ACD4-485F95E01D6B}.Release|Any CPU.ActiveCfg = Release|Win32
		{3D018338-D935-495D-ACD4-485F95E01D6B}.Release|Mixed Platforms.ActiveCfg = Release|Win32
		{3D018338-D935-495D-ACD4-485F95E01D6B}.Release|Mixed Platforms.Build.0 = Release|Win32
		{3D018338-D935-495D-ACD4-485F95E01D6B}.Release|Win32.ActiveCfg = Release|Win32
		{3D018338-D935-495D-ACD4-485F95E01D6B}.Release|Win32.Build.0 = Release|Win32
		{3D018338-D935-495D-ACD4-485F95E01D6B}.Release|x64.ActiveCfg = Release|Win32
		{FD9B4462-6CF6-4B2A-999F-AB74251064EA}.Debug|Any CPU.ActiveCfg = Debug|Win32
		{FD9B4462-6CF6-4B2A-999F-AB74251064EA}.Debug|Mixed Platforms.ActiveCfg = Debug|Win32
		{FD9B4462-6CF6-4B2A-999F-AB74251064EA}.Debug|Mixed Platforms.Build.0 = Debug|Win32
		{FD9B4462-6CF6-4B2A-999F-AB74251064EA}.Debug|Win32.ActiveCfg = Debug|Win32
		{FD9B4462-6CF6-4B2A-999F-AB74251064EA}.Debug|Win32.Build.0 = Debug|Win32
		{FD9B4462-6CF6-4B2A-999F-AB74251064EA}.Debug|x64.ActiveCfg = Debug|x64
		{FD9B4462-6CF6-4B2A-999F-AB74251064EA}.Debug|x64.Build.0 = Debug|x64
		{FD9B4462-6CF6-4B2A-999F-AB74251064EA}.Release|Any CPU.ActiveCfg = Release|Win32
		{FD9B4462-6CF6-4B2A-999F-AB74251064EA}.Release|Mixed Platforms.ActiveCfg = Release|Win32
		{FD9B4462-6CF6-4B2A-999F-AB74251064EA}.Release|Mixed Platforms.Build.0 = Release|Win32
		{FD9B4462-6CF6-4B2A-999F-AB74251064EA}.Release|Win32.ActiveCfg = Release|Win32
		{FD9B4462-6CF6-4B2A-999F-AB74251064EA}.Release|Win32.Build.0 = Release|Win32
		{FD9B4462-6CF6-4B2A-999F-AB74251064EA}.Release|x64.ActiveCfg = Release|x64
		{FD9B4462-6CF6-4B2A-999F-AB74251064EA}.Release|x64.Build.0 = Release|x64
	EndGlobalSection
	GlobalSection(SolutionProperties) = preSolution
		HideSolutionNode = FALSE
	EndGlobalSection
EndGlobal
